{
  "version": 4,
  "terraform_version": "1.9.4",
  "serial": 31,
  "lineage": "7766bf6d-cef3-5225-52f5-4e3a036cc0f5",
  "outputs": {},
  "resources": [
    {
      "module": "module.cloud_run",
      "mode": "managed",
      "type": "google_cloud_run_service",
      "name": "portfolio",
      "provider": "provider[\"registry.terraform.io/hashicorp/google\"]",
      "instances": [
        {
          "schema_version": 2,
          "attributes": {
            "autogenerate_revision_name": false,
            "id": "locations/us-central1/namespaces/ben-baker-dev/services/portfolio",
            "location": "us-central1",
            "metadata": [
              {
                "annotations": {},
                "effective_annotations": {
                  "run.googleapis.com/ingress": "all",
                  "run.googleapis.com/ingress-status": "all",
                  "run.googleapis.com/operation-id": "fea3e016-ccfd-4b2d-ad37-3460eeb68c4c",
                  "run.googleapis.com/urls": "[\"https://portfolio-684710119929.us-central1.run.app\",\"https://portfolio-wtfzz45qaa-uc.a.run.app\"]",
                  "serving.knative.dev/creator": "bbakercello@gmail.com",
                  "serving.knative.dev/lastModifier": "bbakercello@gmail.com"
                },
                "effective_labels": {
                  "cloud.googleapis.com/location": "us-central1"
                },
                "generation": 1,
                "labels": {},
                "namespace": "ben-baker-dev",
                "resource_version": "AAY2Oun+zz8",
                "self_link": "/apis/serving.knative.dev/v1/namespaces/684710119929/services/portfolio",
                "terraform_labels": {},
                "uid": "c9352c56-fcf3-4f04-959c-a7e7e631c631"
              }
            ],
            "name": "portfolio",
            "project": "ben-baker-dev",
            "status": [
              {
                "conditions": [
                  {
                    "message": "",
                    "reason": "",
                    "status": "True",
                    "type": "Ready"
                  },
                  {
                    "message": "",
                    "reason": "",
                    "status": "True",
                    "type": "ConfigurationsReady"
                  },
                  {
                    "message": "",
                    "reason": "",
                    "status": "True",
                    "type": "RoutesReady"
                  }
                ],
                "latest_created_revision_name": "portfolio-00001-xq9",
                "latest_ready_revision_name": "portfolio-00001-xq9",
                "observed_generation": 1,
                "traffic": [
                  {
                    "latest_revision": true,
                    "percent": 100,
                    "revision_name": "portfolio-00001-xq9",
                    "tag": "",
                    "url": ""
                  }
                ],
                "url": "https://portfolio-wtfzz45qaa-uc.a.run.app"
              }
            ],
            "template": [
              {
                "metadata": [
                  {
                    "annotations": {
                      "autoscaling.knative.dev/maxScale": "40"
                    },
                    "generation": 0,
                    "labels": {
                      "run.googleapis.com/startupProbeType": "Default"
                    },
                    "name": "",
                    "namespace": "",
                    "resource_version": "",
                    "self_link": "",
                    "uid": ""
                  }
                ],
                "spec": [
                  {
                    "container_concurrency": 80,
                    "containers": [
                      {
                        "args": null,
                        "command": null,
                        "env": [],
                        "env_from": [],
                        "image": "gcr.io/ben-baker-dev/portfolio:latest",
                        "liveness_probe": [],
                        "name": "",
                        "ports": [
                          {
                            "container_port": 8080,
                            "name": "http1",
                            "protocol": ""
                          }
                        ],
                        "resources": [
                          {
                            "limits": {
                              "cpu": "1000m",
                              "memory": "512Mi"
                            },
                            "requests": {}
                          }
                        ],
                        "startup_probe": [
                          {
                            "failure_threshold": 1,
                            "grpc": [],
                            "http_get": [],
                            "initial_delay_seconds": 0,
                            "period_seconds": 240,
                            "tcp_socket": [
                              {
                                "port": 8080
                              }
                            ],
                            "timeout_seconds": 240
                          }
                        ],
                        "volume_mounts": [],
                        "working_dir": ""
                      }
                    ],
                    "node_selector": null,
                    "service_account_name": "684710119929-compute@developer.gserviceaccount.com",
                    "serving_state": "",
                    "timeout_seconds": 300,
                    "volumes": []
                  }
                ]
              }
            ],
            "timeouts": null,
            "traffic": [
              {
                "latest_revision": true,
                "percent": 100,
                "revision_name": "",
                "tag": "",
                "url": ""
              }
            ]
          },
          "sensitive_attributes": [],
          "private": "eyJlMmJmYjczMC1lY2FhLTExZTYtOGY4OC0zNDM2M2JjN2M0YzAiOnsiY3JlYXRlIjoxMjAwMDAwMDAwMDAwLCJkZWxldGUiOjEyMDAwMDAwMDAwMDAsInVwZGF0ZSI6MTIwMDAwMDAwMDAwMH0sInNjaGVtYV92ZXJzaW9uIjoiMiJ9"
        }
      ]
    },
    {
      "module": "module.cloud_run",
      "mode": "managed",
      "type": "google_cloud_run_service_iam_member",
      "name": "public",
      "provider": "provider[\"registry.terraform.io/hashicorp/google\"]",
      "instances": [
        {
          "schema_version": 0,
          "attributes": {
            "condition": [],
            "etag": "BwY2OuqfSTc=",
            "id": "v1/projects/ben-baker-dev/locations/us-central1/services/portfolio/roles/run.invoker/allUsers",
            "location": "us-central1",
            "member": "allUsers",
            "project": "ben-baker-dev",
            "role": "roles/run.invoker",
            "service": "v1/projects/ben-baker-dev/locations/us-central1/services/portfolio"
          },
          "sensitive_attributes": [],
          "private": "bnVsbA==",
          "dependencies": [
            "module.cloud_run.google_cloud_run_service.portfolio"
          ]
        }
      ]
    },
    {
      "module": "module.github_actions",
      "mode": "managed",
      "type": "google_iam_workload_identity_pool",
      "name": "github_actions_pool",
      "provider": "provider[\"registry.terraform.io/hashicorp/google\"]",
      "instances": [
        {
          "schema_version": 0,
          "attributes": {
            "description": "Identity pool for GitHub Actions",
            "disabled": false,
            "display_name": "GitHub Actions Pool",
            "id": "projects/ben-baker-dev/locations/global/workloadIdentityPools/github-actions-pool",
            "name": "projects/684710119929/locations/global/workloadIdentityPools/github-actions-pool",
            "project": "ben-baker-dev",
            "state": "ACTIVE",
            "timeouts": null,
            "workload_identity_pool_id": "github-actions-pool"
          },
          "sensitive_attributes": [],
          "private": "eyJlMmJmYjczMC1lY2FhLTExZTYtOGY4OC0zNDM2M2JjN2M0YzAiOnsiY3JlYXRlIjoxMjAwMDAwMDAwMDAwLCJkZWxldGUiOjEyMDAwMDAwMDAwMDAsInVwZGF0ZSI6MTIwMDAwMDAwMDAwMH19"
        }
      ]
    },
    {
      "module": "module.github_actions",
      "mode": "managed",
      "type": "google_iam_workload_identity_pool_provider",
      "name": "github_actions_provider",
      "provider": "provider[\"registry.terraform.io/hashicorp/google\"]",
      "instances": [
        {
          "schema_version": 0,
          "attributes": {
            "attribute_condition": "assertion.repository == 'bbakercello/ben_baker'",
            "attribute_mapping": {
              "attribute.actor": "assertion.actor",
              "attribute.repository": "assertion.repository",
              "google.subject": "assertion.sub"
            },
            "aws": [],
            "description": "",
            "disabled": false,
            "display_name": "GitHub Actions Provider",
            "id": "projects/ben-baker-dev/locations/global/workloadIdentityPools/github-actions-pool/providers/github-actions-provider",
            "name": "projects/684710119929/locations/global/workloadIdentityPools/github-actions-pool/providers/github-actions-provider",
            "oidc": [
              {
                "allowed_audiences": [
                  "bbakercello/ben_baker"
                ],
                "issuer_uri": "https://token.actions.githubusercontent.com",
                "jwks_json": ""
              }
            ],
            "project": "ben-baker-dev",
            "saml": [],
            "state": "ACTIVE",
            "timeouts": null,
            "workload_identity_pool_id": "github-actions-pool",
            "workload_identity_pool_provider_id": "github-actions-provider",
            "x509": []
          },
          "sensitive_attributes": [],
          "private": "eyJlMmJmYjczMC1lY2FhLTExZTYtOGY4OC0zNDM2M2JjN2M0YzAiOnsiY3JlYXRlIjoxMjAwMDAwMDAwMDAwLCJkZWxldGUiOjEyMDAwMDAwMDAwMDAsInVwZGF0ZSI6MTIwMDAwMDAwMDAwMH19",
          "dependencies": [
            "module.github_actions.google_iam_workload_identity_pool.github_actions_pool"
          ]
        }
      ]
    },
    {
      "module": "module.github_actions",
      "mode": "managed",
      "type": "google_project_iam_member",
      "name": "run_admin",
      "provider": "provider[\"registry.terraform.io/hashicorp/google\"]",
      "instances": [
        {
          "schema_version": 0,
          "attributes": {
            "condition": [],
            "etag": "BwY2OpUX0GA=",
            "id": "ben-baker-dev/roles/run.admin/serviceAccount:github-actions-deployer@ben-baker-dev.iam.gserviceaccount.com",
            "member": "serviceAccount:github-actions-deployer@ben-baker-dev.iam.gserviceaccount.com",
            "project": "ben-baker-dev",
            "role": "roles/run.admin"
          },
          "sensitive_attributes": [],
          "private": "bnVsbA==",
          "dependencies": [
            "module.github_actions.google_service_account.github_actions"
          ]
        }
      ]
    },
    {
      "module": "module.github_actions",
      "mode": "managed",
      "type": "google_project_iam_member",
      "name": "service_account_user",
      "provider": "provider[\"registry.terraform.io/hashicorp/google\"]",
      "instances": [
        {
          "schema_version": 0,
          "attributes": {
            "condition": [],
            "etag": "BwY2OpUX0GA=",
            "id": "ben-baker-dev/roles/iam.serviceAccountUser/serviceAccount:github-actions-deployer@ben-baker-dev.iam.gserviceaccount.com",
            "member": "serviceAccount:github-actions-deployer@ben-baker-dev.iam.gserviceaccount.com",
            "project": "ben-baker-dev",
            "role": "roles/iam.serviceAccountUser"
          },
          "sensitive_attributes": [],
          "private": "bnVsbA==",
          "dependencies": [
            "module.github_actions.google_service_account.github_actions"
          ]
        }
      ]
    },
    {
      "module": "module.github_actions",
      "mode": "managed",
      "type": "google_project_iam_member",
      "name": "storage_admin",
      "provider": "provider[\"registry.terraform.io/hashicorp/google\"]",
      "instances": [
        {
          "schema_version": 0,
          "attributes": {
            "condition": [],
            "etag": "BwY2OpUX0GA=",
            "id": "ben-baker-dev/roles/storage.admin/serviceAccount:github-actions-deployer@ben-baker-dev.iam.gserviceaccount.com",
            "member": "serviceAccount:github-actions-deployer@ben-baker-dev.iam.gserviceaccount.com",
            "project": "ben-baker-dev",
            "role": "roles/storage.admin"
          },
          "sensitive_attributes": [],
          "private": "bnVsbA==",
          "dependencies": [
            "module.github_actions.google_service_account.github_actions"
          ]
        }
      ]
    },
    {
      "module": "module.github_actions",
      "mode": "managed",
      "type": "google_service_account",
      "name": "github_actions",
      "provider": "provider[\"registry.terraform.io/hashicorp/google\"]",
      "instances": [
        {
          "schema_version": 0,
          "attributes": {
            "account_id": "github-actions-deployer",
            "create_ignore_already_exists": null,
            "description": "Service account for GitHub Actions deployments",
            "disabled": false,
            "display_name": "GitHub Actions Deployer",
            "email": "github-actions-deployer@ben-baker-dev.iam.gserviceaccount.com",
            "id": "projects/ben-baker-dev/serviceAccounts/github-actions-deployer@ben-baker-dev.iam.gserviceaccount.com",
            "member": "serviceAccount:github-actions-deployer@ben-baker-dev.iam.gserviceaccount.com",
            "name": "projects/ben-baker-dev/serviceAccounts/github-actions-deployer@ben-baker-dev.iam.gserviceaccount.com",
            "project": "ben-baker-dev",
            "timeouts": null,
            "unique_id": "109692990889875195735"
          },
          "sensitive_attributes": [],
          "private": "eyJlMmJmYjczMC1lY2FhLTExZTYtOGY4OC0zNDM2M2JjN2M0YzAiOnsiY3JlYXRlIjozMDAwMDAwMDAwMDB9fQ=="
        }
      ]
    },
    {
      "module": "module.github_actions",
      "mode": "managed",
      "type": "google_service_account_iam_binding",
      "name": "github_actions_binding",
      "provider": "provider[\"registry.terraform.io/hashicorp/google\"]",
      "instances": [
        {
          "schema_version": 0,
          "attributes": {
            "condition": [],
            "etag": "BwY165RcShA=",
            "id": "projects/ben-baker-dev/serviceAccounts/github-actions-deployer@ben-baker-dev.iam.gserviceaccount.com/roles/iam.workloadIdentityUser",
            "members": [
              "principalSet://iam.googleapis.com/projects/684710119929/locations/global/workloadIdentityPools/github-actions-pool/attribute.repository/bbakercello/ben_baker"
            ],
            "role": "roles/iam.workloadIdentityUser",
            "service_account_id": "projects/ben-baker-dev/serviceAccounts/github-actions-deployer@ben-baker-dev.iam.gserviceaccount.com"
          },
          "sensitive_attributes": [],
          "private": "bnVsbA==",
          "dependencies": [
            "module.github_actions.google_iam_workload_identity_pool.github_actions_pool",
            "module.github_actions.google_service_account.github_actions"
          ]
        }
      ]
    }
  ],
  "check_results": null
}
