{
  "version": 4,
  "terraform_version": "1.9.4",
  "serial": 15,
  "lineage": "7766bf6d-cef3-5225-52f5-4e3a036cc0f5",
  "outputs": {},
  "resources": [
    {
      "module": "module.cloud_run",
      "mode": "managed",
      "type": "google_cloud_run_service",
      "name": "portfolio",
      "provider": "provider[\"registry.terraform.io/hashicorp/google\"]",
      "instances": [
        {
          "status": "tainted",
          "schema_version": 2,
          "attributes": {
            "autogenerate_revision_name": false,
            "id": "locations/us-central1/namespaces/ben-baker-dev/services/portfolio",
            "location": "us-central1",
            "metadata": null,
            "name": "portfolio",
            "project": "ben-baker-dev",
            "status": null,
            "template": [
              {
                "metadata": [],
                "spec": [
                  {
                    "container_concurrency": 0,
                    "containers": [
                      {
                        "args": null,
                        "command": null,
                        "env": [],
                        "env_from": [],
                        "image": "gcr.io/ben-baker-dev/portfolio:latest",
                        "liveness_probe": [],
                        "name": "",
                        "ports": [],
                        "resources": [],
                        "startup_probe": [],
                        "volume_mounts": [],
                        "working_dir": ""
                      }
                    ],
                    "node_selector": null,
                    "service_account_name": "",
                    "serving_state": "",
                    "timeout_seconds": 0,
                    "volumes": []
                  }
                ]
              }
            ],
            "timeouts": null,
            "traffic": [
              {
                "latest_revision": true,
                "percent": 100,
                "revision_name": "",
                "tag": "",
                "url": ""
              }
            ]
          },
          "sensitive_attributes": [],
          "private": "eyJlMmJmYjczMC1lY2FhLTExZTYtOGY4OC0zNDM2M2JjN2M0YzAiOnsiY3JlYXRlIjoxMjAwMDAwMDAwMDAwLCJkZWxldGUiOjEyMDAwMDAwMDAwMDAsInVwZGF0ZSI6MTIwMDAwMDAwMDAwMH0sInNjaGVtYV92ZXJzaW9uIjoiMiJ9"
        }
      ]
    },
    {
      "module": "module.github_actions",
      "mode": "managed",
      "type": "google_iam_workload_identity_pool",
      "name": "github_actions_pool",
      "provider": "provider[\"registry.terraform.io/hashicorp/google\"]",
      "instances": [
        {
          "schema_version": 0,
          "attributes": {
            "description": "Identity pool for GitHub Actions",
            "disabled": false,
            "display_name": "GitHub Actions Pool",
            "id": "projects/ben-baker-dev/locations/global/workloadIdentityPools/github-actions-pool",
            "name": "projects/684710119929/locations/global/workloadIdentityPools/github-actions-pool",
            "project": "ben-baker-dev",
            "state": "ACTIVE",
            "timeouts": null,
            "workload_identity_pool_id": "github-actions-pool"
          },
          "sensitive_attributes": [],
          "private": "eyJlMmJmYjczMC1lY2FhLTExZTYtOGY4OC0zNDM2M2JjN2M0YzAiOnsiY3JlYXRlIjoxMjAwMDAwMDAwMDAwLCJkZWxldGUiOjEyMDAwMDAwMDAwMDAsInVwZGF0ZSI6MTIwMDAwMDAwMDAwMH19"
        }
      ]
    },
    {
      "module": "module.github_actions",
      "mode": "managed",
      "type": "google_project_iam_member",
      "name": "run_admin",
      "provider": "provider[\"registry.terraform.io/hashicorp/google\"]",
      "instances": [
        {
          "schema_version": 0,
          "attributes": {
            "condition": [],
            "etag": "BwY165SNS3Y=",
            "id": "ben-baker-dev/roles/run.admin/serviceAccount:github-actions-deployer@ben-baker-dev.iam.gserviceaccount.com",
            "member": "serviceAccount:github-actions-deployer@ben-baker-dev.iam.gserviceaccount.com",
            "project": "ben-baker-dev",
            "role": "roles/run.admin"
          },
          "sensitive_attributes": [],
          "private": "bnVsbA==",
          "dependencies": [
            "module.github_actions.google_service_account.github_actions"
          ]
        }
      ]
    },
    {
      "module": "module.github_actions",
      "mode": "managed",
      "type": "google_project_iam_member",
      "name": "service_account_user",
      "provider": "provider[\"registry.terraform.io/hashicorp/google\"]",
      "instances": [
        {
          "schema_version": 0,
          "attributes": {
            "condition": [],
            "etag": "BwY165SNS3Y=",
            "id": "ben-baker-dev/roles/iam.serviceAccountUser/serviceAccount:github-actions-deployer@ben-baker-dev.iam.gserviceaccount.com",
            "member": "serviceAccount:github-actions-deployer@ben-baker-dev.iam.gserviceaccount.com",
            "project": "ben-baker-dev",
            "role": "roles/iam.serviceAccountUser"
          },
          "sensitive_attributes": [],
          "private": "bnVsbA==",
          "dependencies": [
            "module.github_actions.google_service_account.github_actions"
          ]
        }
      ]
    },
    {
      "module": "module.github_actions",
      "mode": "managed",
      "type": "google_project_iam_member",
      "name": "storage_admin",
      "provider": "provider[\"registry.terraform.io/hashicorp/google\"]",
      "instances": [
        {
          "schema_version": 0,
          "attributes": {
            "condition": [],
            "etag": "BwY165SNS3Y=",
            "id": "ben-baker-dev/roles/storage.admin/serviceAccount:github-actions-deployer@ben-baker-dev.iam.gserviceaccount.com",
            "member": "serviceAccount:github-actions-deployer@ben-baker-dev.iam.gserviceaccount.com",
            "project": "ben-baker-dev",
            "role": "roles/storage.admin"
          },
          "sensitive_attributes": [],
          "private": "bnVsbA==",
          "dependencies": [
            "module.github_actions.google_service_account.github_actions"
          ]
        }
      ]
    },
    {
      "module": "module.github_actions",
      "mode": "managed",
      "type": "google_service_account",
      "name": "github_actions",
      "provider": "provider[\"registry.terraform.io/hashicorp/google\"]",
      "instances": [
        {
          "schema_version": 0,
          "attributes": {
            "account_id": "github-actions-deployer",
            "create_ignore_already_exists": null,
            "description": "Service account for GitHub Actions deployments",
            "disabled": false,
            "display_name": "GitHub Actions Deployer",
            "email": "github-actions-deployer@ben-baker-dev.iam.gserviceaccount.com",
            "id": "projects/ben-baker-dev/serviceAccounts/github-actions-deployer@ben-baker-dev.iam.gserviceaccount.com",
            "member": "serviceAccount:github-actions-deployer@ben-baker-dev.iam.gserviceaccount.com",
            "name": "projects/ben-baker-dev/serviceAccounts/github-actions-deployer@ben-baker-dev.iam.gserviceaccount.com",
            "project": "ben-baker-dev",
            "timeouts": null,
            "unique_id": "109692990889875195735"
          },
          "sensitive_attributes": [],
          "private": "eyJlMmJmYjczMC1lY2FhLTExZTYtOGY4OC0zNDM2M2JjN2M0YzAiOnsiY3JlYXRlIjozMDAwMDAwMDAwMDB9fQ=="
        }
      ]
    },
    {
      "module": "module.github_actions",
      "mode": "managed",
      "type": "google_service_account_iam_binding",
      "name": "github_actions_binding",
      "provider": "provider[\"registry.terraform.io/hashicorp/google\"]",
      "instances": [
        {
          "schema_version": 0,
          "attributes": {
            "condition": [],
            "etag": "BwY165RcShA=",
            "id": "projects/ben-baker-dev/serviceAccounts/github-actions-deployer@ben-baker-dev.iam.gserviceaccount.com/roles/iam.workloadIdentityUser",
            "members": [
              "principalSet://iam.googleapis.com/projects/684710119929/locations/global/workloadIdentityPools/github-actions-pool/attribute.repository/bbakercello/ben_baker"
            ],
            "role": "roles/iam.workloadIdentityUser",
            "service_account_id": "projects/ben-baker-dev/serviceAccounts/github-actions-deployer@ben-baker-dev.iam.gserviceaccount.com"
          },
          "sensitive_attributes": [],
          "private": "bnVsbA==",
          "dependencies": [
            "module.github_actions.google_iam_workload_identity_pool.github_actions_pool",
            "module.github_actions.google_service_account.github_actions"
          ]
        }
      ]
    }
  ],
  "check_results": null
}
